# This file is automatically generated by rhiza. Do not edit it manually.
---
sha: 0404d2f35361abd2c6bdaef059d49c69211681fe
repo: jebel-quant/rhiza
host: github
ref: v0.8.5
include: []
exclude: []
templates:
  - devcontainer
  - core
  - github
  - book
  - marimo
  - tests
  - presentation
synced_at: '2026-03-02T06:09:14Z'
strategy: merge
