sha: 7fceeb67cbede92474ec7798b0f2945d844b8b3e
repo: jebel-quant/rhiza
host: github
ref: v0.19.4
include: []
exclude:
- book/marimo/notebooks/rhiza.py
templates:
- devcontainer
- github
- github-marimo
- github-tests
- github-book
files:
- .bandit
- .claude/commands/rhiza_book.md
- .claude/commands/rhiza_quality.md
- .claude/commands/rhiza_update.md
- .devcontainer/README.md
- .devcontainer/bootstrap.sh
- .devcontainer/devcontainer.json
- .editorconfig
- .github/CONFIG.md
- .github/DISCUSSION_TEMPLATE/help-wanted.yml
- .github/DISCUSSION_TEMPLATE/ideas.yml
- .github/DISCUSSION_TEMPLATE/q-and-a.yml
- .github/ISSUE_TEMPLATE/bug_report.yml
- .github/ISSUE_TEMPLATE/feature_request.yml
- .github/dependabot.yml
- .github/pull_request_template.md
- .github/release.yml
- .github/secret_scanning.yml
- .github/workflows/rhiza_benchmark.yml
- .github/workflows/rhiza_book.yml
- .github/workflows/rhiza_ci.yml
- .github/workflows/rhiza_codeql.yml
- .github/workflows/rhiza_fuzzing.yml
- .github/workflows/rhiza_marimo.yml
- .github/workflows/rhiza_mutation.yml
- .github/workflows/rhiza_release.yml
- .github/workflows/rhiza_scorecard.yml
- .github/workflows/rhiza_sync.yml
- .github/workflows/rhiza_weekly.yml
- .gitignore
- .pre-commit-config.yaml
- .python-version
- .rhiza/.cfg.toml
- .rhiza/.env
- .rhiza/.gitignore
- .rhiza/.rhiza-version
- .rhiza/assets/rhiza-logo.svg
- .rhiza/completions/README.md
- .rhiza/completions/rhiza-completion.bash
- .rhiza/completions/rhiza-completion.zsh
- .rhiza/make.d/book.mk
- .rhiza/make.d/bootstrap.mk
- .rhiza/make.d/custom-env.mk
- .rhiza/make.d/custom-task.mk
- .rhiza/make.d/doctor.mk
- .rhiza/make.d/marimo.mk
- .rhiza/make.d/quality.mk
- .rhiza/make.d/releasing.mk
- .rhiza/make.d/test.mk
- .rhiza/requirements/README.md
- .rhiza/requirements/docs.txt
- .rhiza/requirements/marimo.txt
- .rhiza/requirements/tests.txt
- .rhiza/requirements/tools.txt
- .rhiza/rhiza.mk
- .rhiza/semgrep.yml
- .rhiza/tests/README.md
- .rhiza/tests/api/conftest.py
- .rhiza/tests/api/test_github_targets.py
- .rhiza/tests/api/test_make_variable_overrides.py
- .rhiza/tests/api/test_makefile_api.py
- .rhiza/tests/api/test_makefile_targets.py
- .rhiza/tests/conftest.py
- .rhiza/tests/integration/test_book_targets.py
- .rhiza/tests/integration/test_docs_targets.py
- .rhiza/tests/integration/test_test_mk.py
- .rhiza/tests/integration/test_virtual_env_unexport.py
- .rhiza/tests/shell/test_scripts.sh
- .rhiza/tests/stress/README.md
- .rhiza/tests/stress/__init__.py
- .rhiza/tests/stress/conftest.py
- .rhiza/tests/structure/test_project_layout.py
- .rhiza/tests/structure/test_pyproject.py
- .rhiza/tests/structure/test_requirements.py
- .rhiza/tests/sync/conftest.py
- .rhiza/tests/sync/test_docstrings.py
- .rhiza/tests/sync/test_readme_validation.py
- .rhiza/tests/test_utils.py
- .rhiza/tests/utils/test_git_repo_fixture.py
- .rhiza/tests/utils/test_pip_audit_policy.py
- .rhiza/tests/utils/test_suppression_audit.py
- .rhiza/utils/pip_audit_policy.py
- .rhiza/utils/suppression_audit.py
- Makefile
- cliff.toml
- docs/assets/rhiza-logo.svg
- docs/development/DEVCONTAINER.md
- docs/development/MARIMO.md
- docs/development/TESTS.md
- docs/development/VSCODE_EXTENSIONS.md
- docs/index.md
- docs/mkdocs-base.yml
- pytest.ini
- ruff.toml
synced_at: '2026-06-23T04:12:53Z'
strategy: merge
